smiler:
  cmd: python src/2_curating/2_editing/chemo/subscripts/1_translating/smiles_dvc.py
    data/interim/tables_min/0_original/smiles.tsv.zip data/dvc_pipeline_outputs/translated_smiles.tsv.zip
    structureOriginalSmiles
  deps:
  - path: data/interim/tables_min/0_original/smiles.tsv.zip
    md5: d6763cdf9c3fad97288733387e11da11
  - path: src/2_curating/2_editing/chemo/subscripts/1_translating/smiles_dvc.py
    md5: d15f50facc68709f17f5a93ce909c117
  outs:
  - path: data/dvc_pipeline_outputs/translated_smiles.tsv.zip
    md5: d628b38b089e94ab7a3de6ddd30fdc61
sanitizer:
  cmd: python src/2_curating/2_editing/chemo/subscripts/2_curatingAndEnriching/04_sanitizing.py
    data/interim/tables/1_translated/translatedTable.tsv.zip data/dvc_pipeline_outputs/sanitized_structures.tsv.zip
    structureTranslated
  deps:
  - path: data/interim/tables/1_translated/translatedTable.tsv.zip
    md5: 15f836d427cf3f24d30470b98381d0c5
  - path: src/2_curating/2_editing/chemo/subscripts/2_curatingAndEnriching/04_sanitizing.py
    md5: c48c7c2e483c0389e542f78d931e0482
  params:
    params.yaml:
      head_lenght: 500
  outs:
  - path: data/dvc_pipeline_outputs/sanitized_structures.tsv.zip
    md5: 915c3eb188e3a34d79b823dbf18a4351
