smiler:
  cmd: python src/2_curating/2_editing/chemo/subscripts/1_translating/smiles_min.py
  deps:
  - path: data/interim/tables/0_original/originalStructureSmiles.tsv.zip
    md5: 1c3765916844d804f41cb87de3f00e2b
  - path: src/2_curating/2_editing/chemo/subscripts/1_translating/smiles_min.py
    md5: 6c22e3f9dc52a6d2089131666654d9ff
  outs:
  - path: data/dvc_pipeline_outputs/translatedStructureSmiles_min.tsv.zip
    md5: 82780b4b7480154cf157895951c65f57
